
Microsoft Visual Studio Solution File, Format Version 12.00
# Visual Studio Version 17
VisualStudioVersion = 17.3.32929.385
MinimumVisualStudioVersion = 10.0.40219.1
Project("{9A19103F-16F7-4668-BE54-9A1E7A4F7556}") = "zAppDev.Strategy.Νestjs.Server", "zAppDev.Strategy.nestjs\zAppDev.Strategy.Νestjs.Server.csproj", "{7B35F0AA-B7F9-4C08-9DD8-0E60617C9311}"
EndProject
Project("{9A19103F-16F7-4668-BE54-9A1E7A4F7556}") = "zAppDev.Strategy.Nestjs.Generator", "zAppDev.Strategy.Nestjs.Generator\zAppDev.Strategy.Nestjs.Generator.csproj", "{2ADB96AD-0F14-411C-BF0B-56BAEF402EB6}"
EndProject
Project("{9A19103F-16F7-4668-BE54-9A1E7A4F7556}") = "zAppDev.Strategy.Utilities", "zAppDev.Strategy.Utilities\zAppDev.Strategy.Utilities.csproj", "{AC573B71-DCB7-4781-A19C-EAE3BE8F9D46}"
EndProject
Project("{9A19103F-16F7-4668-BE54-9A1E7A4F7556}") = "zAppDev.Strategy.Nestjs.Transpiler.Typescript", "zAppDev.Strategy.Nestjs.Transpiler.Typescript\zAppDev.Strategy.Nestjs.Transpiler.Typescript.csproj", "{391CF9DF-971B-40B8-A6AC-229180C2AD85}"
EndProject
Global
	GlobalSection(SolutionConfigurationPlatforms) = preSolution
		Debug|Any CPU = Debug|Any CPU
		Release|Any CPU = Release|Any CPU
	EndGlobalSection
	GlobalSection(ProjectConfigurationPlatforms) = postSolution
		{7B35F0AA-B7F9-4C08-9DD8-0E60617C9311}.Debug|Any CPU.ActiveCfg = Debug|Any CPU
		{7B35F0AA-B7F9-4C08-9DD8-0E60617C9311}.Debug|Any CPU.Build.0 = Debug|Any CPU
		{7B35F0AA-B7F9-4C08-9DD8-0E60617C9311}.Release|Any CPU.ActiveCfg = Release|Any CPU
		{7B35F0AA-B7F9-4C08-9DD8-0E60617C9311}.Release|Any CPU.Build.0 = Release|Any CPU
		{2ADB96AD-0F14-411C-BF0B-56BAEF402EB6}.Debug|Any CPU.ActiveCfg = Debug|Any CPU
		{2ADB96AD-0F14-411C-BF0B-56BAEF402EB6}.Debug|Any CPU.Build.0 = Debug|Any CPU
		{2ADB96AD-0F14-411C-BF0B-56BAEF402EB6}.Release|Any CPU.ActiveCfg = Release|Any CPU
		{2ADB96AD-0F14-411C-BF0B-56BAEF402EB6}.Release|Any CPU.Build.0 = Release|Any CPU
		{AC573B71-DCB7-4781-A19C-EAE3BE8F9D46}.Debug|Any CPU.ActiveCfg = Debug|Any CPU
		{AC573B71-DCB7-4781-A19C-EAE3BE8F9D46}.Debug|Any CPU.Build.0 = Debug|Any CPU
		{AC573B71-DCB7-4781-A19C-EAE3BE8F9D46}.Release|Any CPU.ActiveCfg = Release|Any CPU
		{AC573B71-DCB7-4781-A19C-EAE3BE8F9D46}.Release|Any CPU.Build.0 = Release|Any CPU
		{391CF9DF-971B-40B8-A6AC-229180C2AD85}.Debug|Any CPU.ActiveCfg = Debug|Any CPU
		{391CF9DF-971B-40B8-A6AC-229180C2AD85}.Debug|Any CPU.Build.0 = Debug|Any CPU
		{391CF9DF-971B-40B8-A6AC-229180C2AD85}.Release|Any CPU.ActiveCfg = Release|Any CPU
		{391CF9DF-971B-40B8-A6AC-229180C2AD85}.Release|Any CPU.Build.0 = Release|Any CPU
	EndGlobalSection
	GlobalSection(SolutionProperties) = preSolution
		HideSolutionNode = FALSE
	EndGlobalSection
	GlobalSection(ExtensibilityGlobals) = postSolution
		SolutionGuid = {9DF4DB6C-C6CE-4CD9-B40A-F0094000E1AB}
	EndGlobalSection
EndGlobal
